
Microsoft Visual Studio Solution File, Format Version 12.00
# Visual Studio Version 17
VisualStudioVersion = 17.3.32825.248
MinimumVisualStudioVersion = 10.0.40219.1
Project("{9A19103F-16F7-4668-BE54-9A1E7A4F7556}") = "6-1GenericClassApp", "6-1GenericClassApp\6-1GenericClassApp.csproj", "{38BAF0D0-CAA4-4C91-AB5A-FBF6B12DB5E6}"
EndProject
Project("{9A19103F-16F7-4668-BE54-9A1E7A4F7556}") = "6-2 GenericInterfaceApp", "6-2 GenericInterfaceApp\6-2 GenericInterfaceApp.csproj", "{E33FDE22-EB94-4904-AE01-498D728881B4}"
EndProject
Project("{9A19103F-16F7-4668-BE54-9A1E7A4F7556}") = "6-3", "6.3\6-3.csproj", "{278C5F8D-071D-40B3-9175-AF6E0DDC02AB}"
EndProject
Project("{9A19103F-16F7-4668-BE54-9A1E7A4F7556}") = "6-4", "6-4\6-4.csproj", "{04E0F096-B5CB-4F5A-AB8A-DC2DB581872C}"
EndProject
Project("{9A19103F-16F7-4668-BE54-9A1E7A4F7556}") = "6-6", "6-6\6-6.csproj", "{66B99728-EBA2-401B-8A7C-ABCF640C83E9}"
EndProject
Project("{FAE04EC0-301F-11D3-BF4B-00C04F79EFBC}") = "6-5", "6-5\6-5.csproj", "{59E7566C-B114-4FA8-BC5F-3F6A6C2E6FA7}"
EndProject
Project("{FAE04EC0-301F-11D3-BF4B-00C04F79EFBC}") = "6-7", "6-7\6-7.csproj", "{DD169448-2027-47EB-9182-49A7DDA758B9}"
EndProject
Project("{FAE04EC0-301F-11D3-BF4B-00C04F79EFBC}") = "6-8", "6-8\6-8.csproj", "{517C4E97-6065-4F19-B82C-58EA21833589}"
EndProject
Project("{FAE04EC0-301F-11D3-BF4B-00C04F79EFBC}") = "6-9", "6-9\6-9.csproj", "{54DD02C1-1EBA-4DCE-A805-37DBBA0BC607}"
EndProject
Project("{FAE04EC0-301F-11D3-BF4B-00C04F79EFBC}") = "6-10", "6-10\6-10.csproj", "{10A26472-29B9-4580-96A2-1E0774E59EEB}"
EndProject
Project("{FAE04EC0-301F-11D3-BF4B-00C04F79EFBC}") = "6-11", "6-11\6-11.csproj", "{CA051A29-CD8C-4C1D-A03D-DDC3F08D1CAE}"
EndProject
Project("{FAE04EC0-301F-11D3-BF4B-00C04F79EFBC}") = "6-12", "6-12\6-12.csproj", "{61D9D130-6F47-47ED-94E9-AB5073BC8FEF}"
EndProject
Project("{FAE04EC0-301F-11D3-BF4B-00C04F79EFBC}") = "6-13", "6-13\6-13.csproj", "{20EF675B-DE0D-405D-9311-6DC131D14A18}"
EndProject
Project("{FAE04EC0-301F-11D3-BF4B-00C04F79EFBC}") = "6-14", "6-14\6-14.csproj", "{0FEADE67-0E89-4222-88EB-83336466634C}"
EndProject
Project("{FAE04EC0-301F-11D3-BF4B-00C04F79EFBC}") = "6-15", "6-15\6-15.csproj", "{B09C12FF-A4B5-40CF-B9A5-64F5F20E02F3}"
EndProject
Project("{FAE04EC0-301F-11D3-BF4B-00C04F79EFBC}") = "6-16", "6-16\6-16.csproj", "{77A3D150-D128-4060-8A3C-BC94DF4CD7B8}"
EndProject
Project("{FAE04EC0-301F-11D3-BF4B-00C04F79EFBC}") = "6-17", "6-17\6-17.csproj", "{882BC56A-14CE-4969-BD06-B6135131CE2F}"
EndProject
Project("{FAE04EC0-301F-11D3-BF4B-00C04F79EFBC}") = "6-18", "6-18\6-18.csproj", "{C213BB0C-62C7-45E8-8577-6B50EF415FDA}"
EndProject
Project("{FAE04EC0-301F-11D3-BF4B-00C04F79EFBC}") = "downcating", "downcating\downcating.csproj", "{96340AA5-D6BB-44EB-BFFA-D84BE7812071}"
EndProject
Project("{FAE04EC0-301F-11D3-BF4B-00C04F79EFBC}") = "Threadparameter", "Threadparameter\Threadparameter.csproj", "{EA06EC31-BFA6-4215-A060-459EDD22DBFD}"
EndProject
Project("{FAE04EC0-301F-11D3-BF4B-00C04F79EFBC}") = "6-20", "6-20\6-20.csproj", "{AA2037FD-9891-471B-9F77-A7F89396A6EA}"
EndProject
Project("{FAE04EC0-301F-11D3-BF4B-00C04F79EFBC}") = "6-21", "6-21\6-21.csproj", "{CBA00EBF-5918-423A-94B4-FE73B19BB650}"
EndProject
Project("{FAE04EC0-301F-11D3-BF4B-00C04F79EFBC}") = "6-22", "6-22\6-22.csproj", "{20D70B3B-DF4A-42A1-9DFA-53FC55823B20}"
EndProject
Project("{FAE04EC0-301F-11D3-BF4B-00C04F79EFBC}") = "6-23", "6-23\6-23.csproj", "{B8AEDE44-1499-4344-B33A-30475CC6D48D}"
EndProject
Project("{FAE04EC0-301F-11D3-BF4B-00C04F79EFBC}") = "6-19lock", "6-19lock\6-19lock.csproj", "{C3108705-D2BF-4177-8DC4-7F785713D7F6}"
EndProject
Project("{FAE04EC0-301F-11D3-BF4B-00C04F79EFBC}") = "6-19Monitor", "6-23Monitor\6-19Monitor.csproj", "{FFE1B5B6-C6F6-44BB-8316-93301F90BDB3}"
EndProject
Global
	GlobalSection(SolutionConfigurationPlatforms) = preSolution
		Debug|Any CPU = Debug|Any CPU
		Release|Any CPU = Release|Any CPU
	EndGlobalSection
	GlobalSection(ProjectConfigurationPlatforms) = postSolution
		{38BAF0D0-CAA4-4C91-AB5A-FBF6B12DB5E6}.Debug|Any CPU.ActiveCfg = Debug|Any CPU
		{38BAF0D0-CAA4-4C91-AB5A-FBF6B12DB5E6}.Debug|Any CPU.Build.0 = Debug|Any CPU
		{38BAF0D0-CAA4-4C91-AB5A-FBF6B12DB5E6}.Release|Any CPU.ActiveCfg = Release|Any CPU
		{38BAF0D0-CAA4-4C91-AB5A-FBF6B12DB5E6}.Release|Any CPU.Build.0 = Release|Any CPU
		{E33FDE22-EB94-4904-AE01-498D728881B4}.Debug|Any CPU.ActiveCfg = Debug|Any CPU
		{E33FDE22-EB94-4904-AE01-498D728881B4}.Debug|Any CPU.Build.0 = Debug|Any CPU
		{E33FDE22-EB94-4904-AE01-498D728881B4}.Release|Any CPU.ActiveCfg = Release|Any CPU
		{E33FDE22-EB94-4904-AE01-498D728881B4}.Release|Any CPU.Build.0 = Release|Any CPU
		{278C5F8D-071D-40B3-9175-AF6E0DDC02AB}.Debug|Any CPU.ActiveCfg = Debug|Any CPU
		{278C5F8D-071D-40B3-9175-AF6E0DDC02AB}.Debug|Any CPU.Build.0 = Debug|Any CPU
		{278C5F8D-071D-40B3-9175-AF6E0DDC02AB}.Release|Any CPU.ActiveCfg = Release|Any CPU
		{278C5F8D-071D-40B3-9175-AF6E0DDC02AB}.Release|Any CPU.Build.0 = Release|Any CPU
		{04E0F096-B5CB-4F5A-AB8A-DC2DB581872C}.Debug|Any CPU.ActiveCfg = Debug|Any CPU
		{04E0F096-B5CB-4F5A-AB8A-DC2DB581872C}.Debug|Any CPU.Build.0 = Debug|Any CPU
		{04E0F096-B5CB-4F5A-AB8A-DC2DB581872C}.Release|Any CPU.ActiveCfg = Release|Any CPU
		{04E0F096-B5CB-4F5A-AB8A-DC2DB581872C}.Release|Any CPU.Build.0 = Release|Any CPU
		{66B99728-EBA2-401B-8A7C-ABCF640C83E9}.Debug|Any CPU.ActiveCfg = Debug|Any CPU
		{66B99728-EBA2-401B-8A7C-ABCF640C83E9}.Debug|Any CPU.Build.0 = Debug|Any CPU
		{66B99728-EBA2-401B-8A7C-ABCF640C83E9}.Release|Any CPU.ActiveCfg = Release|Any CPU
		{66B99728-EBA2-401B-8A7C-ABCF640C83E9}.Release|Any CPU.Build.0 = Release|Any CPU
		{59E7566C-B114-4FA8-BC5F-3F6A6C2E6FA7}.Debug|Any CPU.ActiveCfg = Debug|Any CPU
		{59E7566C-B114-4FA8-BC5F-3F6A6C2E6FA7}.Debug|Any CPU.Build.0 = Debug|Any CPU
		{59E7566C-B114-4FA8-BC5F-3F6A6C2E6FA7}.Release|Any CPU.ActiveCfg = Release|Any CPU
		{59E7566C-B114-4FA8-BC5F-3F6A6C2E6FA7}.Release|Any CPU.Build.0 = Release|Any CPU
		{DD169448-2027-47EB-9182-49A7DDA758B9}.Debug|Any CPU.ActiveCfg = Debug|Any CPU
		{DD169448-2027-47EB-9182-49A7DDA758B9}.Debug|Any CPU.Build.0 = Debug|Any CPU
		{DD169448-2027-47EB-9182-49A7DDA758B9}.Release|Any CPU.ActiveCfg = Release|Any CPU
		{DD169448-2027-47EB-9182-49A7DDA758B9}.Release|Any CPU.Build.0 = Release|Any CPU
		{517C4E97-6065-4F19-B82C-58EA21833589}.Debug|Any CPU.ActiveCfg = Debug|Any CPU
		{517C4E97-6065-4F19-B82C-58EA21833589}.Debug|Any CPU.Build.0 = Debug|Any CPU
		{517C4E97-6065-4F19-B82C-58EA21833589}.Release|Any CPU.ActiveCfg = Release|Any CPU
		{517C4E97-6065-4F19-B82C-58EA21833589}.Release|Any CPU.Build.0 = Release|Any CPU
		{54DD02C1-1EBA-4DCE-A805-37DBBA0BC607}.Debug|Any CPU.ActiveCfg = Debug|Any CPU
		{54DD02C1-1EBA-4DCE-A805-37DBBA0BC607}.Debug|Any CPU.Build.0 = Debug|Any CPU
		{54DD02C1-1EBA-4DCE-A805-37DBBA0BC607}.Release|Any CPU.ActiveCfg = Release|Any CPU
		{54DD02C1-1EBA-4DCE-A805-37DBBA0BC607}.Release|Any CPU.Build.0 = Release|Any CPU
		{10A26472-29B9-4580-96A2-1E0774E59EEB}.Debug|Any CPU.ActiveCfg = Debug|Any CPU
		{10A26472-29B9-4580-96A2-1E0774E59EEB}.Debug|Any CPU.Build.0 = Debug|Any CPU
		{10A26472-29B9-4580-96A2-1E0774E59EEB}.Release|Any CPU.ActiveCfg = Release|Any CPU
		{10A26472-29B9-4580-96A2-1E0774E59EEB}.Release|Any CPU.Build.0 = Release|Any CPU
		{CA051A29-CD8C-4C1D-A03D-DDC3F08D1CAE}.Debug|Any CPU.ActiveCfg = Debug|Any CPU
		{CA051A29-CD8C-4C1D-A03D-DDC3F08D1CAE}.Debug|Any CPU.Build.0 = Debug|Any CPU
		{CA051A29-CD8C-4C1D-A03D-DDC3F08D1CAE}.Release|Any CPU.ActiveCfg = Release|Any CPU
		{CA051A29-CD8C-4C1D-A03D-DDC3F08D1CAE}.Release|Any CPU.Build.0 = Release|Any CPU
		{61D9D130-6F47-47ED-94E9-AB5073BC8FEF}.Debug|Any CPU.ActiveCfg = Debug|Any CPU
		{61D9D130-6F47-47ED-94E9-AB5073BC8FEF}.Debug|Any CPU.Build.0 = Debug|Any CPU
		{61D9D130-6F47-47ED-94E9-AB5073BC8FEF}.Release|Any CPU.ActiveCfg = Release|Any CPU
		{61D9D130-6F47-47ED-94E9-AB5073BC8FEF}.Release|Any CPU.Build.0 = Release|Any CPU
		{20EF675B-DE0D-405D-9311-6DC131D14A18}.Debug|Any CPU.ActiveCfg = Debug|Any CPU
		{20EF675B-DE0D-405D-9311-6DC131D14A18}.Debug|Any CPU.Build.0 = Debug|Any CPU
		{20EF675B-DE0D-405D-9311-6DC131D14A18}.Release|Any CPU.ActiveCfg = Release|Any CPU
		{20EF675B-DE0D-405D-9311-6DC131D14A18}.Release|Any CPU.Build.0 = Release|Any CPU
		{0FEADE67-0E89-4222-88EB-83336466634C}.Debug|Any CPU.ActiveCfg = Debug|Any CPU
		{0FEADE67-0E89-4222-88EB-83336466634C}.Debug|Any CPU.Build.0 = Debug|Any CPU
		{0FEADE67-0E89-4222-88EB-83336466634C}.Release|Any CPU.ActiveCfg = Release|Any CPU
		{0FEADE67-0E89-4222-88EB-83336466634C}.Release|Any CPU.Build.0 = Release|Any CPU
		{B09C12FF-A4B5-40CF-B9A5-64F5F20E02F3}.Debug|Any CPU.ActiveCfg = Debug|Any CPU
		{B09C12FF-A4B5-40CF-B9A5-64F5F20E02F3}.Debug|Any CPU.Build.0 = Debug|Any CPU
		{B09C12FF-A4B5-40CF-B9A5-64F5F20E02F3}.Release|Any CPU.ActiveCfg = Release|Any CPU
		{B09C12FF-A4B5-40CF-B9A5-64F5F20E02F3}.Release|Any CPU.Build.0 = Release|Any CPU
		{77A3D150-D128-4060-8A3C-BC94DF4CD7B8}.Debug|Any CPU.ActiveCfg = Debug|Any CPU
		{77A3D150-D128-4060-8A3C-BC94DF4CD7B8}.Debug|Any CPU.Build.0 = Debug|Any CPU
		{77A3D150-D128-4060-8A3C-BC94DF4CD7B8}.Release|Any CPU.ActiveCfg = Release|Any CPU
		{77A3D150-D128-4060-8A3C-BC94DF4CD7B8}.Release|Any CPU.Build.0 = Release|Any CPU
		{882BC56A-14CE-4969-BD06-B6135131CE2F}.Debug|Any CPU.ActiveCfg = Debug|Any CPU
		{882BC56A-14CE-4969-BD06-B6135131CE2F}.Debug|Any CPU.Build.0 = Debug|Any CPU
		{882BC56A-14CE-4969-BD06-B6135131CE2F}.Release|Any CPU.ActiveCfg = Release|Any CPU
		{882BC56A-14CE-4969-BD06-B6135131CE2F}.Release|Any CPU.Build.0 = Release|Any CPU
		{C213BB0C-62C7-45E8-8577-6B50EF415FDA}.Debug|Any CPU.ActiveCfg = Debug|Any CPU
		{C213BB0C-62C7-45E8-8577-6B50EF415FDA}.Debug|Any CPU.Build.0 = Debug|Any CPU
		{C213BB0C-62C7-45E8-8577-6B50EF415FDA}.Release|Any CPU.ActiveCfg = Release|Any CPU
		{C213BB0C-62C7-45E8-8577-6B50EF415FDA}.Release|Any CPU.Build.0 = Release|Any CPU
		{96340AA5-D6BB-44EB-BFFA-D84BE7812071}.Debug|Any CPU.ActiveCfg = Debug|Any CPU
		{96340AA5-D6BB-44EB-BFFA-D84BE7812071}.Debug|Any CPU.Build.0 = Debug|Any CPU
		{96340AA5-D6BB-44EB-BFFA-D84BE7812071}.Release|Any CPU.ActiveCfg = Release|Any CPU
		{96340AA5-D6BB-44EB-BFFA-D84BE7812071}.Release|Any CPU.Build.0 = Release|Any CPU
		{EA06EC31-BFA6-4215-A060-459EDD22DBFD}.Debug|Any CPU.ActiveCfg = Debug|Any CPU
		{EA06EC31-BFA6-4215-A060-459EDD22DBFD}.Debug|Any CPU.Build.0 = Debug|Any CPU
		{EA06EC31-BFA6-4215-A060-459EDD22DBFD}.Release|Any CPU.ActiveCfg = Release|Any CPU
		{EA06EC31-BFA6-4215-A060-459EDD22DBFD}.Release|Any CPU.Build.0 = Release|Any CPU
		{AA2037FD-9891-471B-9F77-A7F89396A6EA}.Debug|Any CPU.ActiveCfg = Debug|Any CPU
		{AA2037FD-9891-471B-9F77-A7F89396A6EA}.Debug|Any CPU.Build.0 = Debug|Any CPU
		{AA2037FD-9891-471B-9F77-A7F89396A6EA}.Release|Any CPU.ActiveCfg = Release|Any CPU
		{AA2037FD-9891-471B-9F77-A7F89396A6EA}.Release|Any CPU.Build.0 = Release|Any CPU
		{CBA00EBF-5918-423A-94B4-FE73B19BB650}.Debug|Any CPU.ActiveCfg = Debug|Any CPU
		{CBA00EBF-5918-423A-94B4-FE73B19BB650}.Debug|Any CPU.Build.0 = Debug|Any CPU
		{CBA00EBF-5918-423A-94B4-FE73B19BB650}.Release|Any CPU.ActiveCfg = Release|Any CPU
		{CBA00EBF-5918-423A-94B4-FE73B19BB650}.Release|Any CPU.Build.0 = Release|Any CPU
		{20D70B3B-DF4A-42A1-9DFA-53FC55823B20}.Debug|Any CPU.ActiveCfg = Debug|Any CPU
		{20D70B3B-DF4A-42A1-9DFA-53FC55823B20}.Debug|Any CPU.Build.0 = Debug|Any CPU
		{20D70B3B-DF4A-42A1-9DFA-53FC55823B20}.Release|Any CPU.ActiveCfg = Release|Any CPU
		{20D70B3B-DF4A-42A1-9DFA-53FC55823B20}.Release|Any CPU.Build.0 = Release|Any CPU
		{B8AEDE44-1499-4344-B33A-30475CC6D48D}.Debug|Any CPU.ActiveCfg = Debug|Any CPU
		{B8AEDE44-1499-4344-B33A-30475CC6D48D}.Debug|Any CPU.Build.0 = Debug|Any CPU
		{B8AEDE44-1499-4344-B33A-30475CC6D48D}.Release|Any CPU.ActiveCfg = Release|Any CPU
		{B8AEDE44-1499-4344-B33A-30475CC6D48D}.Release|Any CPU.Build.0 = Release|Any CPU
		{C3108705-D2BF-4177-8DC4-7F785713D7F6}.Debug|Any CPU.ActiveCfg = Debug|Any CPU
		{C3108705-D2BF-4177-8DC4-7F785713D7F6}.Debug|Any CPU.Build.0 = Debug|Any CPU
		{C3108705-D2BF-4177-8DC4-7F785713D7F6}.Release|Any CPU.ActiveCfg = Release|Any CPU
		{C3108705-D2BF-4177-8DC4-7F785713D7F6}.Release|Any CPU.Build.0 = Release|Any CPU
		{FFE1B5B6-C6F6-44BB-8316-93301F90BDB3}.Debug|Any CPU.ActiveCfg = Debug|Any CPU
		{FFE1B5B6-C6F6-44BB-8316-93301F90BDB3}.Debug|Any CPU.Build.0 = Debug|Any CPU
		{FFE1B5B6-C6F6-44BB-8316-93301F90BDB3}.Release|Any CPU.ActiveCfg = Release|Any CPU
		{FFE1B5B6-C6F6-44BB-8316-93301F90BDB3}.Release|Any CPU.Build.0 = Release|Any CPU
	EndGlobalSection
	GlobalSection(SolutionProperties) = preSolution
		HideSolutionNode = FALSE
	EndGlobalSection
	GlobalSection(ExtensibilityGlobals) = postSolution
		SolutionGuid = {0D551C9A-8714-4ABF-9DB9-DF0B7C136DA5}
	EndGlobalSection
EndGlobal
