
Microsoft Visual Studio Solution File, Format Version 12.00
# Visual Studio Version 17
VisualStudioVersion = 17.3.32825.248
MinimumVisualStudioVersion = 10.0.40219.1
Project("{9A19103F-16F7-4668-BE54-9A1E7A4F7556}") = "6-1GenericClassApp", "6-1GenericClassApp\6-1GenericClassApp.csproj", "{38BAF0D0-CAA4-4C91-AB5A-FBF6B12DB5E6}"
EndProject
Project("{9A19103F-16F7-4668-BE54-9A1E7A4F7556}") = "6-2 GenericInterfaceApp", "6-2 GenericInterfaceApp\6-2 GenericInterfaceApp.csproj", "{E33FDE22-EB94-4904-AE01-498D728881B4}"
EndProject
Project("{9A19103F-16F7-4668-BE54-9A1E7A4F7556}") = "6-3", "6.3\6-3.csproj", "{278C5F8D-071D-40B3-9175-AF6E0DDC02AB}"
EndProject
Project("{9A19103F-16F7-4668-BE54-9A1E7A4F7556}") = "6-4", "6-4\6-4.csproj", "{04E0F096-B5CB-4F5A-AB8A-DC2DB581872C}"
EndProject
Project("{9A19103F-16F7-4668-BE54-9A1E7A4F7556}") = "6-6", "6-6\6-6.csproj", "{66B99728-EBA2-401B-8A7C-ABCF640C83E9}"
EndProject
Project("{FAE04EC0-301F-11D3-BF4B-00C04F79EFBC}") = "6-5", "6-5\6-5.csproj", "{59E7566C-B114-4FA8-BC5F-3F6A6C2E6FA7}"
EndProject
Project("{FAE04EC0-301F-11D3-BF4B-00C04F79EFBC}") = "6-7", "6-7\6-7.csproj", "{DD169448-2027-47EB-9182-49A7DDA758B9}"
EndProject
Project("{FAE04EC0-301F-11D3-BF4B-00C04F79EFBC}") = "6-8", "6-8\6-8.csproj", "{517C4E97-6065-4F19-B82C-58EA21833589}"
EndProject
Project("{FAE04EC0-301F-11D3-BF4B-00C04F79EFBC}") = "6-9", "6-9\6-9.csproj", "{54DD02C1-1EBA-4DCE-A805-37DBBA0BC607}"
EndProject
Project("{FAE04EC0-301F-11D3-BF4B-00C04F79EFBC}") = "6-10", "6-10\6-10.csproj", "{10A26472-29B9-4580-96A2-1E0774E59EEB}"
EndProject
Project("{FAE04EC0-301F-11D3-BF4B-00C04F79EFBC}") = "6-11", "6-11\6-11.csproj", "{CA051A29-CD8C-4C1D-A03D-DDC3F08D1CAE}"
EndProject
Project("{FAE04EC0-301F-11D3-BF4B-00C04F79EFBC}") = "6-12", "6-12\6-12.csproj", "{61D9D130-6F47-47ED-94E9-AB5073BC8FEF}"
EndProject
Project("{FAE04EC0-301F-11D3-BF4B-00C04F79EFBC}") = "6-13", "6-13\6-13.csproj", "{20EF675B-DE0D-405D-9311-6DC131D14A18}"
EndProject
Project("{FAE04EC0-301F-11D3-BF4B-00C04F79EFBC}") = "6-14", "6-14\6-14.csproj", "{0FEADE67-0E89-4222-88EB-83336466634C}"
EndProject
Global
	GlobalSection(SolutionConfigurationPlatforms) = preSolution
		Debug|Any CPU = Debug|Any CPU
		Release|Any CPU = Release|Any CPU
	EndGlobalSection
	GlobalSection(ProjectConfigurationPlatforms) = postSolution
		{38BAF0D0-CAA4-4C91-AB5A-FBF6B12DB5E6}.Debug|Any CPU.ActiveCfg = Debug|Any CPU
		{38BAF0D0-CAA4-4C91-AB5A-FBF6B12DB5E6}.Debug|Any CPU.Build.0 = Debug|Any CPU
		{38BAF0D0-CAA4-4C91-AB5A-FBF6B12DB5E6}.Release|Any CPU.ActiveCfg = Release|Any CPU
		{38BAF0D0-CAA4-4C91-AB5A-FBF6B12DB5E6}.Release|Any CPU.Build.0 = Release|Any CPU
		{E33FDE22-EB94-4904-AE01-498D728881B4}.Debug|Any CPU.ActiveCfg = Debug|Any CPU
		{E33FDE22-EB94-4904-AE01-498D728881B4}.Debug|Any CPU.Build.0 = Debug|Any CPU
		{E33FDE22-EB94-4904-AE01-498D728881B4}.Release|Any CPU.ActiveCfg = Release|Any CPU
		{E33FDE22-EB94-4904-AE01-498D728881B4}.Release|Any CPU.Build.0 = Release|Any CPU
		{278C5F8D-071D-40B3-9175-AF6E0DDC02AB}.Debug|Any CPU.ActiveCfg = Debug|Any CPU
		{278C5F8D-071D-40B3-9175-AF6E0DDC02AB}.Debug|Any CPU.Build.0 = Debug|Any CPU
		{278C5F8D-071D-40B3-9175-AF6E0DDC02AB}.Release|Any CPU.ActiveCfg = Release|Any CPU
		{278C5F8D-071D-40B3-9175-AF6E0DDC02AB}.Release|Any CPU.Build.0 = Release|Any CPU
		{04E0F096-B5CB-4F5A-AB8A-DC2DB581872C}.Debug|Any CPU.ActiveCfg = Debug|Any CPU
		{04E0F096-B5CB-4F5A-AB8A-DC2DB581872C}.Debug|Any CPU.Build.0 = Debug|Any CPU
		{04E0F096-B5CB-4F5A-AB8A-DC2DB581872C}.Release|Any CPU.ActiveCfg = Release|Any CPU
		{04E0F096-B5CB-4F5A-AB8A-DC2DB581872C}.Release|Any CPU.Build.0 = Release|Any CPU
		{66B99728-EBA2-401B-8A7C-ABCF640C83E9}.Debug|Any CPU.ActiveCfg = Debug|Any CPU
		{66B99728-EBA2-401B-8A7C-ABCF640C83E9}.Debug|Any CPU.Build.0 = Debug|Any CPU
		{66B99728-EBA2-401B-8A7C-ABCF640C83E9}.Release|Any CPU.ActiveCfg = Release|Any CPU
		{66B99728-EBA2-401B-8A7C-ABCF640C83E9}.Release|Any CPU.Build.0 = Release|Any CPU
		{59E7566C-B114-4FA8-BC5F-3F6A6C2E6FA7}.Debug|Any CPU.ActiveCfg = Debug|Any CPU
		{59E7566C-B114-4FA8-BC5F-3F6A6C2E6FA7}.Debug|Any CPU.Build.0 = Debug|Any CPU
		{59E7566C-B114-4FA8-BC5F-3F6A6C2E6FA7}.Release|Any CPU.ActiveCfg = Release|Any CPU
		{59E7566C-B114-4FA8-BC5F-3F6A6C2E6FA7}.Release|Any CPU.Build.0 = Release|Any CPU
		{DD169448-2027-47EB-9182-49A7DDA758B9}.Debug|Any CPU.ActiveCfg = Debug|Any CPU
		{DD169448-2027-47EB-9182-49A7DDA758B9}.Debug|Any CPU.Build.0 = Debug|Any CPU
		{DD169448-2027-47EB-9182-49A7DDA758B9}.Release|Any CPU.ActiveCfg = Release|Any CPU
		{DD169448-2027-47EB-9182-49A7DDA758B9}.Release|Any CPU.Build.0 = Release|Any CPU
		{517C4E97-6065-4F19-B82C-58EA21833589}.Debug|Any CPU.ActiveCfg = Debug|Any CPU
		{517C4E97-6065-4F19-B82C-58EA21833589}.Debug|Any CPU.Build.0 = Debug|Any CPU
		{517C4E97-6065-4F19-B82C-58EA21833589}.Release|Any CPU.ActiveCfg = Release|Any CPU
		{517C4E97-6065-4F19-B82C-58EA21833589}.Release|Any CPU.Build.0 = Release|Any CPU
		{54DD02C1-1EBA-4DCE-A805-37DBBA0BC607}.Debug|Any CPU.ActiveCfg = Debug|Any CPU
		{54DD02C1-1EBA-4DCE-A805-37DBBA0BC607}.Debug|Any CPU.Build.0 = Debug|Any CPU
		{54DD02C1-1EBA-4DCE-A805-37DBBA0BC607}.Release|Any CPU.ActiveCfg = Release|Any CPU
		{54DD02C1-1EBA-4DCE-A805-37DBBA0BC607}.Release|Any CPU.Build.0 = Release|Any CPU
		{10A26472-29B9-4580-96A2-1E0774E59EEB}.Debug|Any CPU.ActiveCfg = Debug|Any CPU
		{10A26472-29B9-4580-96A2-1E0774E59EEB}.Debug|Any CPU.Build.0 = Debug|Any CPU
		{10A26472-29B9-4580-96A2-1E0774E59EEB}.Release|Any CPU.ActiveCfg = Release|Any CPU
		{10A26472-29B9-4580-96A2-1E0774E59EEB}.Release|Any CPU.Build.0 = Release|Any CPU
		{CA051A29-CD8C-4C1D-A03D-DDC3F08D1CAE}.Debug|Any CPU.ActiveCfg = Debug|Any CPU
		{CA051A29-CD8C-4C1D-A03D-DDC3F08D1CAE}.Debug|Any CPU.Build.0 = Debug|Any CPU
		{CA051A29-CD8C-4C1D-A03D-DDC3F08D1CAE}.Release|Any CPU.ActiveCfg = Release|Any CPU
		{CA051A29-CD8C-4C1D-A03D-DDC3F08D1CAE}.Release|Any CPU.Build.0 = Release|Any CPU
		{61D9D130-6F47-47ED-94E9-AB5073BC8FEF}.Debug|Any CPU.ActiveCfg = Debug|Any CPU
		{61D9D130-6F47-47ED-94E9-AB5073BC8FEF}.Debug|Any CPU.Build.0 = Debug|Any CPU
		{61D9D130-6F47-47ED-94E9-AB5073BC8FEF}.Release|Any CPU.ActiveCfg = Release|Any CPU
		{61D9D130-6F47-47ED-94E9-AB5073BC8FEF}.Release|Any CPU.Build.0 = Release|Any CPU
		{20EF675B-DE0D-405D-9311-6DC131D14A18}.Debug|Any CPU.ActiveCfg = Debug|Any CPU
		{20EF675B-DE0D-405D-9311-6DC131D14A18}.Debug|Any CPU.Build.0 = Debug|Any CPU
		{20EF675B-DE0D-405D-9311-6DC131D14A18}.Release|Any CPU.ActiveCfg = Release|Any CPU
		{20EF675B-DE0D-405D-9311-6DC131D14A18}.Release|Any CPU.Build.0 = Release|Any CPU
		{0FEADE67-0E89-4222-88EB-83336466634C}.Debug|Any CPU.ActiveCfg = Debug|Any CPU
		{0FEADE67-0E89-4222-88EB-83336466634C}.Debug|Any CPU.Build.0 = Debug|Any CPU
		{0FEADE67-0E89-4222-88EB-83336466634C}.Release|Any CPU.ActiveCfg = Release|Any CPU
		{0FEADE67-0E89-4222-88EB-83336466634C}.Release|Any CPU.Build.0 = Release|Any CPU
	EndGlobalSection
	GlobalSection(SolutionProperties) = preSolution
		HideSolutionNode = FALSE
	EndGlobalSection
	GlobalSection(ExtensibilityGlobals) = postSolution
		SolutionGuid = {0D551C9A-8714-4ABF-9DB9-DF0B7C136DA5}
	EndGlobalSection
EndGlobal
